{
  "name": "gleam_http",
  "lockfileVersion": 2,
  "requires": true,
  "packages": {
    "": {
      "name": "gleam_http",
      "license": "Apache-2.0",
      "devDependencies": {
        "gleam-packages": "file:./target/lib"
      }
    },
    "node_modules/gleam-packages": {
      "resolved": "target/lib",
      "link": true
    },
    "target/lib": {
      "dev": true
    }
  },
  "dependencies": {
    "gleam-packages": {
      "version": "file:target/lib"
    }
  }
}
